{
  "name": "referencesiteautomation",
  "version": "1.0.0",
  "lockfileVersion": 1,
  "requires": true,
  "dependencies": {
    "@types/node": {
      "version": "9.4.6",
      "resolved": "https://registry.npmjs.org/@types/node/-/node-9.4.6.tgz",
      "integrity": "sha512-CTUtLb6WqCCgp6P59QintjHWqzf4VL1uPA27bipLAPxFqrtK1gEYllePzTICGqQ8rYsCbpnsNypXjjDzGAAjEQ=="
    },
    "@types/npm": {
      "version": "2.0.29",
      "resolved": "https://registry.npmjs.org/@types/npm/-/npm-2.0.29.tgz",
      "integrity": "sha512-McqGDdeT1tSMu8sPaL0ya7xBwojQYKGVwCrlPNBcaF+o+H4wLNH03nYRTfycU11Xdu8eziEb4cgdGmu4VF/NWA==",
      "requires": {
        "@types/node": "9.4.6"
      }
    },
    "@types/selenium-webdriver": {
      "version": "3.0.8",
      "resolved": "https://registry.npmjs.org/@types/selenium-webdriver/-/selenium-webdriver-3.0.8.tgz",
      "integrity": "sha512-yrqQvb1EZhH+ONMzUmsEnBjzitortVv0lynRe5US2+FofdoMWUE4wf7v4peCd62fqXq8COCVTbpS1/jIg5EbuQ=="
    },
    "dotenv": {
      "version": "5.0.1",
      "resolved": "https://registry.npmjs.org/dotenv/-/dotenv-5.0.1.tgz",
      "integrity": "sha512-4As8uPrjfwb7VXC+WnLCbXK7y+Ueb2B3zgNCePYfhxS1PYeaO1YTeplffTEcbfLhvFNGLAz90VvJs9yomG7bow=="
    },
    "galen-cli": {
      "version": "1.0.1",
      "resolved": "https://registry.npmjs.org/galen-cli/-/galen-cli-1.0.1.tgz",
      "integrity": "sha1-F8xmYTRCssWc4plstcvm8nzJy0s="
    }
  }
}
